Microsoft Visual Studio Solution File, Format Version 12.00
# Visual Studio Version 17
VisualStudioVersion = 17.5.2.0
MinimumVisualStudioVersion = 10.0.40219.1
Project("{FAE04EC0-301F-11D3-BF4B-00C04F79EFBC}") = "BrasilBurger.CSharp", "BrasilBurger.CSharp.csproj", "{A3D88C32-9322-D79D-778C-5DEF15DFC861}"
EndProject
Global
	GlobalSection(SolutionConfigurationPlatforms) = preSolution
		Debug|Any CPU = Debug|Any CPU
		Release|Any CPU = Release|Any CPU
	EndGlobalSection
	GlobalSection(ProjectConfigurationPlatforms) = postSolution
		{A3D88C32-9322-D79D-778C-5DEF15DFC861}.Debug|Any CPU.ActiveCfg = Debug|Any CPU
		{A3D88C32-9322-D79D-778C-5DEF15DFC861}.Debug|Any CPU.Build.0 = Debug|Any CPU
		{A3D88C32-9322-D79D-778C-5DEF15DFC861}.Release|Any CPU.ActiveCfg = Release|Any CPU
		{A3D88C32-9322-D79D-778C-5DEF15DFC861}.Release|Any CPU.Build.0 = Release|Any CPU
	EndGlobalSection
	GlobalSection(SolutionProperties) = preSolution
		HideSolutionNode = FALSE
	EndGlobalSection
	GlobalSection(ExtensibilityGlobals) = postSolution
		SolutionGuid = {EC097C05-5F62-46E1-AFF8-51F0A195DD29}
	EndGlobalSection
EndGlobal
